
Microsoft Visual Studio Solution File, Format Version 12.00
# Visual Studio Version 17
VisualStudioVersion = 17.0.31903.59
MinimumVisualStudioVersion = 10.0.40219.1
Project("{9A19103F-16F7-4668-BE54-9A1E7A4F7556}") = "Day 1 Part 1", "Day 1\Day 1 Part 1.csproj", "{EA10EF40-A617-477A-BBA4-488EE975BCD3}"
EndProject
Project("{9A19103F-16F7-4668-BE54-9A1E7A4F7556}") = "Day 1 Part 2", "Day 1 Part 2\Day 1 Part 2.csproj", "{9637F276-4748-430C-95AC-59B219D4ED8B}"
EndProject
Project("{FAE04EC0-301F-11D3-BF4B-00C04F79EFBC}") = "Day 2 Part 1", "Day 2 Part 1\Day 2 Part 1.csproj", "{566181DB-F0D1-47C2-96CF-FDD2FDCC0F63}"
EndProject
Project("{FAE04EC0-301F-11D3-BF4B-00C04F79EFBC}") = "Day 2 part 2", "Day 2 part 2\Day 2 part 2.csproj", "{2D1BD7A9-54BC-400F-B610-B26651289B07}"
EndProject
Global
	GlobalSection(SolutionConfigurationPlatforms) = preSolution
		Debug|Any CPU = Debug|Any CPU
		Release|Any CPU = Release|Any CPU
	EndGlobalSection
	GlobalSection(ProjectConfigurationPlatforms) = postSolution
		{EA10EF40-A617-477A-BBA4-488EE975BCD3}.Debug|Any CPU.ActiveCfg = Debug|Any CPU
		{EA10EF40-A617-477A-BBA4-488EE975BCD3}.Debug|Any CPU.Build.0 = Debug|Any CPU
		{EA10EF40-A617-477A-BBA4-488EE975BCD3}.Release|Any CPU.ActiveCfg = Release|Any CPU
		{EA10EF40-A617-477A-BBA4-488EE975BCD3}.Release|Any CPU.Build.0 = Release|Any CPU
		{9637F276-4748-430C-95AC-59B219D4ED8B}.Debug|Any CPU.ActiveCfg = Debug|Any CPU
		{9637F276-4748-430C-95AC-59B219D4ED8B}.Debug|Any CPU.Build.0 = Debug|Any CPU
		{9637F276-4748-430C-95AC-59B219D4ED8B}.Release|Any CPU.ActiveCfg = Release|Any CPU
		{9637F276-4748-430C-95AC-59B219D4ED8B}.Release|Any CPU.Build.0 = Release|Any CPU
		{566181DB-F0D1-47C2-96CF-FDD2FDCC0F63}.Debug|Any CPU.ActiveCfg = Debug|Any CPU
		{566181DB-F0D1-47C2-96CF-FDD2FDCC0F63}.Debug|Any CPU.Build.0 = Debug|Any CPU
		{566181DB-F0D1-47C2-96CF-FDD2FDCC0F63}.Release|Any CPU.ActiveCfg = Release|Any CPU
		{566181DB-F0D1-47C2-96CF-FDD2FDCC0F63}.Release|Any CPU.Build.0 = Release|Any CPU
		{2D1BD7A9-54BC-400F-B610-B26651289B07}.Debug|Any CPU.ActiveCfg = Debug|Any CPU
		{2D1BD7A9-54BC-400F-B610-B26651289B07}.Debug|Any CPU.Build.0 = Debug|Any CPU
		{2D1BD7A9-54BC-400F-B610-B26651289B07}.Release|Any CPU.ActiveCfg = Release|Any CPU
		{2D1BD7A9-54BC-400F-B610-B26651289B07}.Release|Any CPU.Build.0 = Release|Any CPU
	EndGlobalSection
	GlobalSection(SolutionProperties) = preSolution
		HideSolutionNode = FALSE
	EndGlobalSection
	GlobalSection(ExtensibilityGlobals) = postSolution
		SolutionGuid = {8616A31C-C4EA-45CC-88CC-D1B77F29080B}
	EndGlobalSection
EndGlobal
