
Microsoft Visual Studio Solution File, Format Version 12.00
# Visual Studio Version 17
VisualStudioVersion = 17.0.31903.59
MinimumVisualStudioVersion = 10.0.40219.1
Project("{9A19103F-16F7-4668-BE54-9A1E7A4F7556}") = "Day 1 Part 1", "Day 1\Day 1 Part 1.csproj", "{EA10EF40-A617-477A-BBA4-488EE975BCD3}"
EndProject
Project("{9A19103F-16F7-4668-BE54-9A1E7A4F7556}") = "Day 1 Part 2", "Day 1 Part 2\Day 1 Part 2.csproj", "{9637F276-4748-430C-95AC-59B219D4ED8B}"
EndProject
Project("{9A19103F-16F7-4668-BE54-9A1E7A4F7556}") = "Day 2 Part 1", "Day 2 Part 1\Day 2 Part 1.csproj", "{566181DB-F0D1-47C2-96CF-FDD2FDCC0F63}"
EndProject
Project("{9A19103F-16F7-4668-BE54-9A1E7A4F7556}") = "Day 2 part 2", "Day 2 part 2\Day 2 part 2.csproj", "{2D1BD7A9-54BC-400F-B610-B26651289B07}"
EndProject
Project("{9A19103F-16F7-4668-BE54-9A1E7A4F7556}") = "Day 3 Pt 1", "Day 4 Pt 1\Day 3 Pt 1.csproj", "{DB488054-ECFE-4543-A528-334BAC9DD0DB}"
EndProject
Project("{9A19103F-16F7-4668-BE54-9A1E7A4F7556}") = "Day 3 Part 2", "Day 3 Part 2\Day 3 Part 2.csproj", "{E1604C66-0F34-4209-B3CC-49968DC83B07}"
EndProject
Project("{9A19103F-16F7-4668-BE54-9A1E7A4F7556}") = "Day 4 Part 1", "Day 4 Part 1\Day 4 Part 1.csproj", "{8D7800A0-8E3F-44FD-B872-574D1E85C055}"
EndProject
Project("{9A19103F-16F7-4668-BE54-9A1E7A4F7556}") = "Day 4 part 2", "Day 4 part 2\Day 4 part 2.csproj", "{80E108B5-D120-45E5-ACC7-8742AC2BC6F7}"
EndProject
Project("{9A19103F-16F7-4668-BE54-9A1E7A4F7556}") = "Day 5 part 1", "Day 5 part 1\Day 5 part 1.csproj", "{090CD93C-E1C4-40FB-B983-1ED1489693BD}"
EndProject
Project("{9A19103F-16F7-4668-BE54-9A1E7A4F7556}") = "Day 5 Part 2", "Day 5 Part 2\Day 5 Part 2.csproj", "{32718B98-7E49-4378-A204-8503C9BF659E}"
EndProject
Project("{9A19103F-16F7-4668-BE54-9A1E7A4F7556}") = "Day 6 Part 1", "Day 6 Part 1\Day 6 Part 1.csproj", "{000BD15F-FF5C-46D5-AEC5-CEBA16510759}"
EndProject
Project("{9A19103F-16F7-4668-BE54-9A1E7A4F7556}") = "Day 6 part 2", "Day 6 part 2\Day 6 part 2.csproj", "{1AF0D5D3-9D13-4EC5-AE48-ABCAFA1A70E1}"
EndProject
Project("{9A19103F-16F7-4668-BE54-9A1E7A4F7556}") = "Day 7 Part 1", "Day 7 Part 1\Day 7 Part 1.csproj", "{4349966E-82BC-465D-AFAE-5BAF05D17E2C}"
EndProject
Project("{9A19103F-16F7-4668-BE54-9A1E7A4F7556}") = "Day 7 Part 2", "Day 7 Part 2\Day 7 Part 2.csproj", "{8CC31367-C732-4E0C-8084-6FDE533275B5}"
EndProject
Project("{9A19103F-16F7-4668-BE54-9A1E7A4F7556}") = "day 8 part 1", "day 8 part 1\day 8 part 1.csproj", "{F058E533-E78B-4350-A6E0-B38E4F62A0C0}"
EndProject
Project("{9A19103F-16F7-4668-BE54-9A1E7A4F7556}") = "Day 8 part 2", "Day 8 part 2\Day 8 part 2.csproj", "{891CB0A4-BFF1-4540-B9A2-76B873D8E74D}"
EndProject
Project("{9A19103F-16F7-4668-BE54-9A1E7A4F7556}") = "Day 9 Part 1", "Day 9 Part 1\Day 9 Part 1.csproj", "{DCA3C41E-C0B5-412B-9D75-17238188FB19}"
EndProject
Project("{2150E333-8FDC-42A3-9474-1A3956D46DE8}") = "Solution Items", "Solution Items", "{847CA3EA-F0F7-4BCF-85BB-1F01A831C88D}"
	ProjectSection(SolutionItems) = preProject
		test1.txt = test1.txt
	EndProjectSection
EndProject
Global
	GlobalSection(SolutionConfigurationPlatforms) = preSolution
		Debug|Any CPU = Debug|Any CPU
		Release|Any CPU = Release|Any CPU
	EndGlobalSection
	GlobalSection(ProjectConfigurationPlatforms) = postSolution
		{EA10EF40-A617-477A-BBA4-488EE975BCD3}.Debug|Any CPU.ActiveCfg = Debug|Any CPU
		{EA10EF40-A617-477A-BBA4-488EE975BCD3}.Debug|Any CPU.Build.0 = Debug|Any CPU
		{EA10EF40-A617-477A-BBA4-488EE975BCD3}.Release|Any CPU.ActiveCfg = Release|Any CPU
		{EA10EF40-A617-477A-BBA4-488EE975BCD3}.Release|Any CPU.Build.0 = Release|Any CPU
		{9637F276-4748-430C-95AC-59B219D4ED8B}.Debug|Any CPU.ActiveCfg = Debug|Any CPU
		{9637F276-4748-430C-95AC-59B219D4ED8B}.Debug|Any CPU.Build.0 = Debug|Any CPU
		{9637F276-4748-430C-95AC-59B219D4ED8B}.Release|Any CPU.ActiveCfg = Release|Any CPU
		{9637F276-4748-430C-95AC-59B219D4ED8B}.Release|Any CPU.Build.0 = Release|Any CPU
		{566181DB-F0D1-47C2-96CF-FDD2FDCC0F63}.Debug|Any CPU.ActiveCfg = Debug|Any CPU
		{566181DB-F0D1-47C2-96CF-FDD2FDCC0F63}.Debug|Any CPU.Build.0 = Debug|Any CPU
		{566181DB-F0D1-47C2-96CF-FDD2FDCC0F63}.Release|Any CPU.ActiveCfg = Release|Any CPU
		{566181DB-F0D1-47C2-96CF-FDD2FDCC0F63}.Release|Any CPU.Build.0 = Release|Any CPU
		{2D1BD7A9-54BC-400F-B610-B26651289B07}.Debug|Any CPU.ActiveCfg = Debug|Any CPU
		{2D1BD7A9-54BC-400F-B610-B26651289B07}.Debug|Any CPU.Build.0 = Debug|Any CPU
		{2D1BD7A9-54BC-400F-B610-B26651289B07}.Release|Any CPU.ActiveCfg = Release|Any CPU
		{2D1BD7A9-54BC-400F-B610-B26651289B07}.Release|Any CPU.Build.0 = Release|Any CPU
		{DB488054-ECFE-4543-A528-334BAC9DD0DB}.Debug|Any CPU.ActiveCfg = Debug|Any CPU
		{DB488054-ECFE-4543-A528-334BAC9DD0DB}.Debug|Any CPU.Build.0 = Debug|Any CPU
		{DB488054-ECFE-4543-A528-334BAC9DD0DB}.Release|Any CPU.ActiveCfg = Release|Any CPU
		{DB488054-ECFE-4543-A528-334BAC9DD0DB}.Release|Any CPU.Build.0 = Release|Any CPU
		{E1604C66-0F34-4209-B3CC-49968DC83B07}.Debug|Any CPU.ActiveCfg = Debug|Any CPU
		{E1604C66-0F34-4209-B3CC-49968DC83B07}.Debug|Any CPU.Build.0 = Debug|Any CPU
		{E1604C66-0F34-4209-B3CC-49968DC83B07}.Release|Any CPU.ActiveCfg = Release|Any CPU
		{E1604C66-0F34-4209-B3CC-49968DC83B07}.Release|Any CPU.Build.0 = Release|Any CPU
		{8D7800A0-8E3F-44FD-B872-574D1E85C055}.Debug|Any CPU.ActiveCfg = Debug|Any CPU
		{8D7800A0-8E3F-44FD-B872-574D1E85C055}.Debug|Any CPU.Build.0 = Debug|Any CPU
		{8D7800A0-8E3F-44FD-B872-574D1E85C055}.Release|Any CPU.ActiveCfg = Release|Any CPU
		{8D7800A0-8E3F-44FD-B872-574D1E85C055}.Release|Any CPU.Build.0 = Release|Any CPU
		{80E108B5-D120-45E5-ACC7-8742AC2BC6F7}.Debug|Any CPU.ActiveCfg = Debug|Any CPU
		{80E108B5-D120-45E5-ACC7-8742AC2BC6F7}.Debug|Any CPU.Build.0 = Debug|Any CPU
		{80E108B5-D120-45E5-ACC7-8742AC2BC6F7}.Release|Any CPU.ActiveCfg = Release|Any CPU
		{80E108B5-D120-45E5-ACC7-8742AC2BC6F7}.Release|Any CPU.Build.0 = Release|Any CPU
		{090CD93C-E1C4-40FB-B983-1ED1489693BD}.Debug|Any CPU.ActiveCfg = Debug|Any CPU
		{090CD93C-E1C4-40FB-B983-1ED1489693BD}.Debug|Any CPU.Build.0 = Debug|Any CPU
		{090CD93C-E1C4-40FB-B983-1ED1489693BD}.Release|Any CPU.ActiveCfg = Release|Any CPU
		{090CD93C-E1C4-40FB-B983-1ED1489693BD}.Release|Any CPU.Build.0 = Release|Any CPU
		{32718B98-7E49-4378-A204-8503C9BF659E}.Debug|Any CPU.ActiveCfg = Debug|Any CPU
		{32718B98-7E49-4378-A204-8503C9BF659E}.Debug|Any CPU.Build.0 = Debug|Any CPU
		{32718B98-7E49-4378-A204-8503C9BF659E}.Release|Any CPU.ActiveCfg = Release|Any CPU
		{32718B98-7E49-4378-A204-8503C9BF659E}.Release|Any CPU.Build.0 = Release|Any CPU
		{000BD15F-FF5C-46D5-AEC5-CEBA16510759}.Debug|Any CPU.ActiveCfg = Debug|Any CPU
		{000BD15F-FF5C-46D5-AEC5-CEBA16510759}.Debug|Any CPU.Build.0 = Debug|Any CPU
		{000BD15F-FF5C-46D5-AEC5-CEBA16510759}.Release|Any CPU.ActiveCfg = Release|Any CPU
		{000BD15F-FF5C-46D5-AEC5-CEBA16510759}.Release|Any CPU.Build.0 = Release|Any CPU
		{1AF0D5D3-9D13-4EC5-AE48-ABCAFA1A70E1}.Debug|Any CPU.ActiveCfg = Debug|Any CPU
		{1AF0D5D3-9D13-4EC5-AE48-ABCAFA1A70E1}.Debug|Any CPU.Build.0 = Debug|Any CPU
		{1AF0D5D3-9D13-4EC5-AE48-ABCAFA1A70E1}.Release|Any CPU.ActiveCfg = Release|Any CPU
		{1AF0D5D3-9D13-4EC5-AE48-ABCAFA1A70E1}.Release|Any CPU.Build.0 = Release|Any CPU
		{4349966E-82BC-465D-AFAE-5BAF05D17E2C}.Debug|Any CPU.ActiveCfg = Debug|Any CPU
		{4349966E-82BC-465D-AFAE-5BAF05D17E2C}.Debug|Any CPU.Build.0 = Debug|Any CPU
		{4349966E-82BC-465D-AFAE-5BAF05D17E2C}.Release|Any CPU.ActiveCfg = Release|Any CPU
		{4349966E-82BC-465D-AFAE-5BAF05D17E2C}.Release|Any CPU.Build.0 = Release|Any CPU
		{8CC31367-C732-4E0C-8084-6FDE533275B5}.Debug|Any CPU.ActiveCfg = Debug|Any CPU
		{8CC31367-C732-4E0C-8084-6FDE533275B5}.Debug|Any CPU.Build.0 = Debug|Any CPU
		{8CC31367-C732-4E0C-8084-6FDE533275B5}.Release|Any CPU.ActiveCfg = Release|Any CPU
		{8CC31367-C732-4E0C-8084-6FDE533275B5}.Release|Any CPU.Build.0 = Release|Any CPU
		{F058E533-E78B-4350-A6E0-B38E4F62A0C0}.Debug|Any CPU.ActiveCfg = Debug|Any CPU
		{F058E533-E78B-4350-A6E0-B38E4F62A0C0}.Debug|Any CPU.Build.0 = Debug|Any CPU
		{F058E533-E78B-4350-A6E0-B38E4F62A0C0}.Release|Any CPU.ActiveCfg = Release|Any CPU
		{F058E533-E78B-4350-A6E0-B38E4F62A0C0}.Release|Any CPU.Build.0 = Release|Any CPU
		{891CB0A4-BFF1-4540-B9A2-76B873D8E74D}.Debug|Any CPU.ActiveCfg = Debug|Any CPU
		{891CB0A4-BFF1-4540-B9A2-76B873D8E74D}.Debug|Any CPU.Build.0 = Debug|Any CPU
		{891CB0A4-BFF1-4540-B9A2-76B873D8E74D}.Release|Any CPU.ActiveCfg = Release|Any CPU
		{891CB0A4-BFF1-4540-B9A2-76B873D8E74D}.Release|Any CPU.Build.0 = Release|Any CPU
		{DCA3C41E-C0B5-412B-9D75-17238188FB19}.Debug|Any CPU.ActiveCfg = Debug|Any CPU
		{DCA3C41E-C0B5-412B-9D75-17238188FB19}.Debug|Any CPU.Build.0 = Debug|Any CPU
		{DCA3C41E-C0B5-412B-9D75-17238188FB19}.Release|Any CPU.ActiveCfg = Release|Any CPU
		{DCA3C41E-C0B5-412B-9D75-17238188FB19}.Release|Any CPU.Build.0 = Release|Any CPU
	EndGlobalSection
	GlobalSection(SolutionProperties) = preSolution
		HideSolutionNode = FALSE
	EndGlobalSection
	GlobalSection(ExtensibilityGlobals) = postSolution
		SolutionGuid = {8616A31C-C4EA-45CC-88CC-D1B77F29080B}
	EndGlobalSection
EndGlobal
